PODS:
  - CalendarDateRangePickerViewController (0.2.1)

DEPENDENCIES:
  - CalendarDateRangePickerViewController (from `../`)

EXTERNAL SOURCES:
  CalendarDateRangePickerViewController:
    :path: "../"

SPEC CHECKSUMS:
  CalendarDateRangePickerViewController: 6f5e9d71fa2d3e68bf0c03f39d49c69f157e92fb

PODFILE CHECKSUM: 2451ae3089d0abca27169c63b3f8b007c0f69b64

COCOAPODS: 1.5.3
